Microsoft Visual Studio Solution File, Format Version 12.00
# Visual Studio Version 17
VisualStudioVersion = 17.5.2.0
MinimumVisualStudioVersion = 10.0.40219.1
Project("{FAE04EC0-301F-11D3-BF4B-00C04F79EFBC}") = "EdgeBookmarksManager", "EdgeBookmarksManager.csproj", "{FBA666F7-2408-44BD-EFA1-06105D92A431}"
EndProject
Global
	GlobalSection(SolutionConfigurationPlatforms) = preSolution
		Debug|Any CPU = Debug|Any CPU
		Release|Any CPU = Release|Any CPU
	EndGlobalSection
	GlobalSection(ProjectConfigurationPlatforms) = postSolution
		{FBA666F7-2408-44BD-EFA1-06105D92A431}.Debug|Any CPU.ActiveCfg = Debug|Any CPU
		{FBA666F7-2408-44BD-EFA1-06105D92A431}.Debug|Any CPU.Build.0 = Debug|Any CPU
		{FBA666F7-2408-44BD-EFA1-06105D92A431}.Release|Any CPU.ActiveCfg = Release|Any CPU
		{FBA666F7-2408-44BD-EFA1-06105D92A431}.Release|Any CPU.Build.0 = Release|Any CPU
	EndGlobalSection
	GlobalSection(SolutionProperties) = preSolution
		HideSolutionNode = FALSE
	EndGlobalSection
	GlobalSection(ExtensibilityGlobals) = postSolution
		SolutionGuid = {93C637AE-E52F-4D27-AE5F-B364187F23BC}
	EndGlobalSection
EndGlobal
